
Microsoft Visual Studio Solution File, Format Version 11.00
# Visual Studio 2010
Project("{FAE04EC0-301F-11D3-BF4B-00C04F79EFBC}") = "MvcSourceblog", "MvcSourceblog\MvcSourceblog.csproj", "{5F532129-DBE2-4E47-AF63-72EC64E70779}"
EndProject
Global
	GlobalSection(SolutionConfigurationPlatforms) = preSolution
		Debug|Any CPU = Debug|Any CPU
		Release|Any CPU = Release|Any CPU
	EndGlobalSection
	GlobalSection(ProjectConfigurationPlatforms) = postSolution
		{5F532129-DBE2-4E47-AF63-72EC64E70779}.Debug|Any CPU.ActiveCfg = Debug|Any CPU
		{5F532129-DBE2-4E47-AF63-72EC64E70779}.Debug|Any CPU.Build.0 = Debug|Any CPU
		{5F532129-DBE2-4E47-AF63-72EC64E70779}.Release|Any CPU.ActiveCfg = Release|Any CPU
		{5F532129-DBE2-4E47-AF63-72EC64E70779}.Release|Any CPU.Build.0 = Release|Any CPU
	EndGlobalSection
	GlobalSection(SolutionProperties) = preSolution
		HideSolutionNode = FALSE
	EndGlobalSection
EndGlobal
